Microsoft Visual Studio Solution File, Format Version 11.00
# Visual Studio 2008

Project("{5784FB9B-C6B8-B1E8-F056-3B978E1F60E6}") = "Cellboy", "Assembly-CSharp-firstpass-vs.csproj", "{E86D120F-29DC-74F7-BBD6-2D31E363EEF5}"
EndProject
Project("{5784FB9B-C6B8-B1E8-F056-3B978E1F60E6}") = "Cellboy", "Assembly-CSharp-vs.csproj", "{A4F2FBB8-B08F-F4D4-ACC2-EAC61DB2B55C}"
EndProject
Project("{5784FB9B-C6B8-B1E8-F056-3B978E1F60E6}") = "Cellboy", "Assembly-CSharp-Editor-firstpass-vs.csproj", "{DE99EA5F-1549-924E-9B23-BEEF70C309AE}"
EndProject
Project("{5784FB9B-C6B8-B1E8-F056-3B978E1F60E6}") = "Cellboy", "Assembly-CSharp-Editor-vs.csproj", "{8D31A6C1-2E12-847E-CDC4-2FC984725764}"
EndProject
Global
	GlobalSection(SolutionConfigurationPlatforms) = preSolution
		Debug|Any CPU = Debug|Any CPU
		Release|Any CPU = Release|Any CPU
	EndGlobalSection
	GlobalSection(ProjectConfigurationPlatforms) = postSolution
		{E86D120F-29DC-74F7-BBD6-2D31E363EEF5}.Debug|Any CPU.ActiveCfg = Debug|Any CPU
		{E86D120F-29DC-74F7-BBD6-2D31E363EEF5}.Debug|Any CPU.Build.0 = Debug|Any CPU
		{E86D120F-29DC-74F7-BBD6-2D31E363EEF5}.Release|Any CPU.ActiveCfg = Release|Any CPU
		{E86D120F-29DC-74F7-BBD6-2D31E363EEF5}.Release|Any CPU.Build.0 = Release|Any CPU
		{A4F2FBB8-B08F-F4D4-ACC2-EAC61DB2B55C}.Debug|Any CPU.ActiveCfg = Debug|Any CPU
		{A4F2FBB8-B08F-F4D4-ACC2-EAC61DB2B55C}.Debug|Any CPU.Build.0 = Debug|Any CPU
		{A4F2FBB8-B08F-F4D4-ACC2-EAC61DB2B55C}.Release|Any CPU.ActiveCfg = Release|Any CPU
		{A4F2FBB8-B08F-F4D4-ACC2-EAC61DB2B55C}.Release|Any CPU.Build.0 = Release|Any CPU
		{DE99EA5F-1549-924E-9B23-BEEF70C309AE}.Debug|Any CPU.ActiveCfg = Debug|Any CPU
		{DE99EA5F-1549-924E-9B23-BEEF70C309AE}.Debug|Any CPU.Build.0 = Debug|Any CPU
		{DE99EA5F-1549-924E-9B23-BEEF70C309AE}.Release|Any CPU.ActiveCfg = Release|Any CPU
		{DE99EA5F-1549-924E-9B23-BEEF70C309AE}.Release|Any CPU.Build.0 = Release|Any CPU
		{8D31A6C1-2E12-847E-CDC4-2FC984725764}.Debug|Any CPU.ActiveCfg = Debug|Any CPU
		{8D31A6C1-2E12-847E-CDC4-2FC984725764}.Debug|Any CPU.Build.0 = Debug|Any CPU
		{8D31A6C1-2E12-847E-CDC4-2FC984725764}.Release|Any CPU.ActiveCfg = Release|Any CPU
		{8D31A6C1-2E12-847E-CDC4-2FC984725764}.Release|Any CPU.Build.0 = Release|Any CPU
	EndGlobalSection
	GlobalSection(SolutionProperties) = preSolution
		HideSolutionNode = FALSE
	EndGlobalSection
																		GlobalSection(MonoDevelopProperties) = preSolution
		StartupItem = Assembly-CSharp.csproj
		Policies = $0
		$0.TextStylePolicy = $1
		$1.inheritsSet = null
		$1.scope = text/x-csharp
		$0.CSharpFormattingPolicy = $2
		$2.inheritsSet = Mono
		$2.inheritsScope = text/x-csharp
		$2.scope = text/x-csharp
		$0.TextStylePolicy = $3
		$3.FileWidth = 120
		$3.TabWidth = 4
		$3.IndentWidth = 4
		$3.EolMarker = Unix
		$3.inheritsSet = Mono
		$3.inheritsScope = text/plain
		$3.scope = text/plain
	EndGlobalSection

EndGlobal
