Microsoft Visual Studio Solution File, Format Version 11.00
# Visual Studio 2008

Project("{183CCF21-1D0B-8DFF-8647-B7075B773AEE}") = "Cellboy_code0808", "Assembly-CSharp-firstpass.csproj", "{16FD4E03-891B-DABD-D731-A9584EADD8BB}"
EndProject
Project("{183CCF21-1D0B-8DFF-8647-B7075B773AEE}") = "Cellboy_code0808", "Assembly-CSharp.csproj", "{7CE3630E-C8DB-E031-7FA9-731AB74ABD04}"
EndProject
Project("{183CCF21-1D0B-8DFF-8647-B7075B773AEE}") = "Cellboy_code0808", "Assembly-CSharp-Editor-firstpass.csproj", "{49A6E756-D8C3-00D2-1EB2-385E78EC49B5}"
EndProject
Project("{183CCF21-1D0B-8DFF-8647-B7075B773AEE}") = "Cellboy_code0808", "Assembly-CSharp-Editor.csproj", "{0B68719A-5CF0-AF05-ABFA-1A4466A3C774}"
EndProject
Project("{183CCF21-1D0B-8DFF-8647-B7075B773AEE}") = "Cellboy_code0808", "Assembly-UnityScript.unityproj", "{D6F0867E-E202-6C1F-E2DB-36517F8DED9E}"
EndProject
Global
	GlobalSection(SolutionConfigurationPlatforms) = preSolution
		Debug|Any CPU = Debug|Any CPU
		Release|Any CPU = Release|Any CPU
	EndGlobalSection
	GlobalSection(ProjectConfigurationPlatforms) = postSolution
		{16FD4E03-891B-DABD-D731-A9584EADD8BB}.Debug|Any CPU.ActiveCfg = Debug|Any CPU
		{16FD4E03-891B-DABD-D731-A9584EADD8BB}.Debug|Any CPU.Build.0 = Debug|Any CPU
		{16FD4E03-891B-DABD-D731-A9584EADD8BB}.Release|Any CPU.ActiveCfg = Release|Any CPU
		{16FD4E03-891B-DABD-D731-A9584EADD8BB}.Release|Any CPU.Build.0 = Release|Any CPU
		{7CE3630E-C8DB-E031-7FA9-731AB74ABD04}.Debug|Any CPU.ActiveCfg = Debug|Any CPU
		{7CE3630E-C8DB-E031-7FA9-731AB74ABD04}.Debug|Any CPU.Build.0 = Debug|Any CPU
		{7CE3630E-C8DB-E031-7FA9-731AB74ABD04}.Release|Any CPU.ActiveCfg = Release|Any CPU
		{7CE3630E-C8DB-E031-7FA9-731AB74ABD04}.Release|Any CPU.Build.0 = Release|Any CPU
		{49A6E756-D8C3-00D2-1EB2-385E78EC49B5}.Debug|Any CPU.ActiveCfg = Debug|Any CPU
		{49A6E756-D8C3-00D2-1EB2-385E78EC49B5}.Debug|Any CPU.Build.0 = Debug|Any CPU
		{49A6E756-D8C3-00D2-1EB2-385E78EC49B5}.Release|Any CPU.ActiveCfg = Release|Any CPU
		{49A6E756-D8C3-00D2-1EB2-385E78EC49B5}.Release|Any CPU.Build.0 = Release|Any CPU
		{0B68719A-5CF0-AF05-ABFA-1A4466A3C774}.Debug|Any CPU.ActiveCfg = Debug|Any CPU
		{0B68719A-5CF0-AF05-ABFA-1A4466A3C774}.Debug|Any CPU.Build.0 = Debug|Any CPU
		{0B68719A-5CF0-AF05-ABFA-1A4466A3C774}.Release|Any CPU.ActiveCfg = Release|Any CPU
		{0B68719A-5CF0-AF05-ABFA-1A4466A3C774}.Release|Any CPU.Build.0 = Release|Any CPU
		{D6F0867E-E202-6C1F-E2DB-36517F8DED9E}.Debug|Any CPU.ActiveCfg = Debug|Any CPU
		{D6F0867E-E202-6C1F-E2DB-36517F8DED9E}.Debug|Any CPU.Build.0 = Debug|Any CPU
		{D6F0867E-E202-6C1F-E2DB-36517F8DED9E}.Release|Any CPU.ActiveCfg = Release|Any CPU
		{D6F0867E-E202-6C1F-E2DB-36517F8DED9E}.Release|Any CPU.Build.0 = Release|Any CPU
	EndGlobalSection
	GlobalSection(SolutionProperties) = preSolution
		HideSolutionNode = FALSE
	EndGlobalSection
	GlobalSection(MonoDevelopProperties) = preSolution
		StartupItem = Assembly-CSharp.csproj
		Policies = $0
		$0.TextStylePolicy = $1
		$1.inheritsSet = null
		$1.scope = text/x-csharp
		$0.CSharpFormattingPolicy = $2
		$2.inheritsSet = Mono
		$2.inheritsScope = text/x-csharp
		$2.scope = text/x-csharp
		$0.TextStylePolicy = $3
		$3.FileWidth = 120
		$3.TabWidth = 4
		$3.IndentWidth = 4
		$3.EolMarker = Unix
		$3.inheritsSet = Mono
		$3.inheritsScope = text/plain
		$3.scope = text/plain
	EndGlobalSection
EndGlobal
